
Microsoft Visual Studio Solution File, Format Version 12.00
# Visual Studio 15
VisualStudioVersion = 15.0.28307.329
MinimumVisualStudioVersion = 10.0.40219.1
Project("{9A19103F-16F7-4668-BE54-9A1E7A4F7556}") = "DocumentLight.Auth", "DocumentLight.Auth\DocumentLight.Auth.csproj", "{CDEBC116-1815-4E89-B6C6-8D13DE313E6E}"
EndProject
Project("{9A19103F-16F7-4668-BE54-9A1E7A4F7556}") = "DocumentLight.Core", "DocumentLight.Core\DocumentLight.Core.csproj", "{020FB3D4-795E-41F7-A9A7-C9AAF917453C}"
EndProject
Project("{9A19103F-16F7-4668-BE54-9A1E7A4F7556}") = "DocumentLight.Data", "DocumentLight.Data\DocumentLight.Data.csproj", "{AFE979EA-DC97-4379-8D26-0168F0D2A1D3}"
EndProject
Project("{9A19103F-16F7-4668-BE54-9A1E7A4F7556}") = "DocumentLight.Application", "DocumentLight.Application\DocumentLight.Application.csproj", "{765EF86C-EC36-4BD6-B8C9-19647D4C518F}"
EndProject
Project("{9A19103F-16F7-4668-BE54-9A1E7A4F7556}") = "DocumentLight.System", "DocumentLight.System\DocumentLight.System.csproj", "{1F8440B1-4A14-47E0-AEE6-1D29AC61AC33}"
EndProject
Project("{9A19103F-16F7-4668-BE54-9A1E7A4F7556}") = "DocumentLight.API", "DocumentLight.API\DocumentLight.API.csproj", "{D789C905-CDDE-4E6C-B4EA-7AE380A2B721}"
EndProject
Project("{2150E333-8FDC-42A3-9474-1A3956D46DE8}") = "DocumentLight", "DocumentLight", "{E26F182F-5449-4D5E-A443-5A01AE7D3137}"
EndProject
Project("{2150E333-8FDC-42A3-9474-1A3956D46DE8}") = "TemplateLight", "TemplateLight", "{D2A19AA4-C7BA-4EC9-8D79-58259E46D920}"
EndProject
Project("{9A19103F-16F7-4668-BE54-9A1E7A4F7556}") = "TemplateLight.API", "TemplateLight.API\TemplateLight.API.csproj", "{C1E8D713-D4D2-4E82-9F0D-A9695214BA81}"
EndProject
Project("{9A19103F-16F7-4668-BE54-9A1E7A4F7556}") = "TemplateLight.Application", "TemplateLight.Application\TemplateLight.Application.csproj", "{A0BE70D4-943F-4F8D-8135-A50CA64DA02A}"
EndProject
Project("{2150E333-8FDC-42A3-9474-1A3956D46DE8}") = "Common", "Common", "{981BCE0F-3C57-4446-99F7-048DCDC40A11}"
EndProject
Project("{9A19103F-16F7-4668-BE54-9A1E7A4F7556}") = "Common.Core", "Common.Core\Common.Core.csproj", "{582DC7CE-B3BF-4C0B-B810-C38EB4FBF380}"
EndProject
Project("{2150E333-8FDC-42A3-9474-1A3956D46DE8}") = "Infrastructure", "Infrastructure", "{87D11A1F-035B-4ADA-91C7-47C985D3C344}"
EndProject
Project("{FAE04EC0-301F-11D3-BF4B-00C04F79EFBC}") = "Notifications", "Notifications\Notifications.csproj", "{0EC640D4-D0AB-407D-BDBC-9AC684F07687}"
EndProject
Global
	GlobalSection(SolutionConfigurationPlatforms) = preSolution
		Debug|Any CPU = Debug|Any CPU
		Release|Any CPU = Release|Any CPU
	EndGlobalSection
	GlobalSection(ProjectConfigurationPlatforms) = postSolution
		{CDEBC116-1815-4E89-B6C6-8D13DE313E6E}.Debug|Any CPU.ActiveCfg = Debug|Any CPU
		{CDEBC116-1815-4E89-B6C6-8D13DE313E6E}.Debug|Any CPU.Build.0 = Debug|Any CPU
		{CDEBC116-1815-4E89-B6C6-8D13DE313E6E}.Release|Any CPU.ActiveCfg = Release|Any CPU
		{CDEBC116-1815-4E89-B6C6-8D13DE313E6E}.Release|Any CPU.Build.0 = Release|Any CPU
		{020FB3D4-795E-41F7-A9A7-C9AAF917453C}.Debug|Any CPU.ActiveCfg = Debug|Any CPU
		{020FB3D4-795E-41F7-A9A7-C9AAF917453C}.Debug|Any CPU.Build.0 = Debug|Any CPU
		{020FB3D4-795E-41F7-A9A7-C9AAF917453C}.Release|Any CPU.ActiveCfg = Release|Any CPU
		{020FB3D4-795E-41F7-A9A7-C9AAF917453C}.Release|Any CPU.Build.0 = Release|Any CPU
		{AFE979EA-DC97-4379-8D26-0168F0D2A1D3}.Debug|Any CPU.ActiveCfg = Debug|Any CPU
		{AFE979EA-DC97-4379-8D26-0168F0D2A1D3}.Debug|Any CPU.Build.0 = Debug|Any CPU
		{AFE979EA-DC97-4379-8D26-0168F0D2A1D3}.Release|Any CPU.ActiveCfg = Release|Any CPU
		{AFE979EA-DC97-4379-8D26-0168F0D2A1D3}.Release|Any CPU.Build.0 = Release|Any CPU
		{765EF86C-EC36-4BD6-B8C9-19647D4C518F}.Debug|Any CPU.ActiveCfg = Debug|Any CPU
		{765EF86C-EC36-4BD6-B8C9-19647D4C518F}.Debug|Any CPU.Build.0 = Debug|Any CPU
		{765EF86C-EC36-4BD6-B8C9-19647D4C518F}.Release|Any CPU.ActiveCfg = Release|Any CPU
		{765EF86C-EC36-4BD6-B8C9-19647D4C518F}.Release|Any CPU.Build.0 = Release|Any CPU
		{1F8440B1-4A14-47E0-AEE6-1D29AC61AC33}.Debug|Any CPU.ActiveCfg = Debug|Any CPU
		{1F8440B1-4A14-47E0-AEE6-1D29AC61AC33}.Debug|Any CPU.Build.0 = Debug|Any CPU
		{1F8440B1-4A14-47E0-AEE6-1D29AC61AC33}.Release|Any CPU.ActiveCfg = Release|Any CPU
		{1F8440B1-4A14-47E0-AEE6-1D29AC61AC33}.Release|Any CPU.Build.0 = Release|Any CPU
		{D789C905-CDDE-4E6C-B4EA-7AE380A2B721}.Debug|Any CPU.ActiveCfg = Debug|Any CPU
		{D789C905-CDDE-4E6C-B4EA-7AE380A2B721}.Debug|Any CPU.Build.0 = Debug|Any CPU
		{D789C905-CDDE-4E6C-B4EA-7AE380A2B721}.Release|Any CPU.ActiveCfg = Release|Any CPU
		{D789C905-CDDE-4E6C-B4EA-7AE380A2B721}.Release|Any CPU.Build.0 = Release|Any CPU
		{C1E8D713-D4D2-4E82-9F0D-A9695214BA81}.Debug|Any CPU.ActiveCfg = Debug|Any CPU
		{C1E8D713-D4D2-4E82-9F0D-A9695214BA81}.Debug|Any CPU.Build.0 = Debug|Any CPU
		{C1E8D713-D4D2-4E82-9F0D-A9695214BA81}.Release|Any CPU.ActiveCfg = Release|Any CPU
		{C1E8D713-D4D2-4E82-9F0D-A9695214BA81}.Release|Any CPU.Build.0 = Release|Any CPU
		{A0BE70D4-943F-4F8D-8135-A50CA64DA02A}.Debug|Any CPU.ActiveCfg = Debug|Any CPU
		{A0BE70D4-943F-4F8D-8135-A50CA64DA02A}.Debug|Any CPU.Build.0 = Debug|Any CPU
		{A0BE70D4-943F-4F8D-8135-A50CA64DA02A}.Release|Any CPU.ActiveCfg = Release|Any CPU
		{A0BE70D4-943F-4F8D-8135-A50CA64DA02A}.Release|Any CPU.Build.0 = Release|Any CPU
		{582DC7CE-B3BF-4C0B-B810-C38EB4FBF380}.Debug|Any CPU.ActiveCfg = Debug|Any CPU
		{582DC7CE-B3BF-4C0B-B810-C38EB4FBF380}.Debug|Any CPU.Build.0 = Debug|Any CPU
		{582DC7CE-B3BF-4C0B-B810-C38EB4FBF380}.Release|Any CPU.ActiveCfg = Release|Any CPU
		{582DC7CE-B3BF-4C0B-B810-C38EB4FBF380}.Release|Any CPU.Build.0 = Release|Any CPU
		{0EC640D4-D0AB-407D-BDBC-9AC684F07687}.Debug|Any CPU.ActiveCfg = Debug|Any CPU
		{0EC640D4-D0AB-407D-BDBC-9AC684F07687}.Debug|Any CPU.Build.0 = Debug|Any CPU
		{0EC640D4-D0AB-407D-BDBC-9AC684F07687}.Release|Any CPU.ActiveCfg = Release|Any CPU
		{0EC640D4-D0AB-407D-BDBC-9AC684F07687}.Release|Any CPU.Build.0 = Release|Any CPU
	EndGlobalSection
	GlobalSection(SolutionProperties) = preSolution
		HideSolutionNode = FALSE
	EndGlobalSection
	GlobalSection(NestedProjects) = preSolution
		{CDEBC116-1815-4E89-B6C6-8D13DE313E6E} = {E26F182F-5449-4D5E-A443-5A01AE7D3137}
		{020FB3D4-795E-41F7-A9A7-C9AAF917453C} = {E26F182F-5449-4D5E-A443-5A01AE7D3137}
		{AFE979EA-DC97-4379-8D26-0168F0D2A1D3} = {E26F182F-5449-4D5E-A443-5A01AE7D3137}
		{765EF86C-EC36-4BD6-B8C9-19647D4C518F} = {E26F182F-5449-4D5E-A443-5A01AE7D3137}
		{1F8440B1-4A14-47E0-AEE6-1D29AC61AC33} = {E26F182F-5449-4D5E-A443-5A01AE7D3137}
		{D789C905-CDDE-4E6C-B4EA-7AE380A2B721} = {E26F182F-5449-4D5E-A443-5A01AE7D3137}
		{C1E8D713-D4D2-4E82-9F0D-A9695214BA81} = {D2A19AA4-C7BA-4EC9-8D79-58259E46D920}
		{A0BE70D4-943F-4F8D-8135-A50CA64DA02A} = {D2A19AA4-C7BA-4EC9-8D79-58259E46D920}
		{582DC7CE-B3BF-4C0B-B810-C38EB4FBF380} = {981BCE0F-3C57-4446-99F7-048DCDC40A11}
		{0EC640D4-D0AB-407D-BDBC-9AC684F07687} = {87D11A1F-035B-4ADA-91C7-47C985D3C344}
	EndGlobalSection
	GlobalSection(ExtensibilityGlobals) = postSolution
		SolutionGuid = {C669BE38-0863-4EFB-BF62-29907CAFEAD7}
	EndGlobalSection
EndGlobal
